
Microsoft Visual Studio Solution File, Format Version 12.00
# Visual Studio Version 17
VisualStudioVersion = 17.4.33110.190
MinimumVisualStudioVersion = 10.0.40219.1
Project("{9A19103F-16F7-4668-BE54-9A1E7A4F7556}") = "TechCareerShoppingList.Back", "TechCareerShoppingList.Back\TechCareerShoppingList.Back.csproj", "{56A95D67-2CC6-4746-8405-D17B418824C0}"
EndProject
Project("{FAE04EC0-301F-11D3-BF4B-00C04F79EFBC}") = "TechCareerShoppingList.Front", "TechCareerShoppingList.Front\TechCareerShoppingList.Front.csproj", "{C1802199-ADF8-4996-8B3C-F1C16086974D}"
EndProject
Global
	GlobalSection(SolutionConfigurationPlatforms) = preSolution
		Debug|Any CPU = Debug|Any CPU
		Release|Any CPU = Release|Any CPU
	EndGlobalSection
	GlobalSection(ProjectConfigurationPlatforms) = postSolution
		{56A95D67-2CC6-4746-8405-D17B418824C0}.Debug|Any CPU.ActiveCfg = Debug|Any CPU
		{56A95D67-2CC6-4746-8405-D17B418824C0}.Debug|Any CPU.Build.0 = Debug|Any CPU
		{56A95D67-2CC6-4746-8405-D17B418824C0}.Release|Any CPU.ActiveCfg = Release|Any CPU
		{56A95D67-2CC6-4746-8405-D17B418824C0}.Release|Any CPU.Build.0 = Release|Any CPU
		{C1802199-ADF8-4996-8B3C-F1C16086974D}.Debug|Any CPU.ActiveCfg = Debug|Any CPU
		{C1802199-ADF8-4996-8B3C-F1C16086974D}.Debug|Any CPU.Build.0 = Debug|Any CPU
		{C1802199-ADF8-4996-8B3C-F1C16086974D}.Release|Any CPU.ActiveCfg = Release|Any CPU
		{C1802199-ADF8-4996-8B3C-F1C16086974D}.Release|Any CPU.Build.0 = Release|Any CPU
	EndGlobalSection
	GlobalSection(SolutionProperties) = preSolution
		HideSolutionNode = FALSE
	EndGlobalSection
	GlobalSection(ExtensibilityGlobals) = postSolution
		SolutionGuid = {9A2D830C-336F-4D2B-AA44-A261619323DC}
	EndGlobalSection
EndGlobal
